
Microsoft Visual Studio Solution File, Format Version 12.00
# Visual Studio Version 16
VisualStudioVersion = 25.0.1703.8
MinimumVisualStudioVersion = 10.0.40219.1
Project("{FAE04EC0-301F-11D3-BF4B-00C04F79EFBC}") = "CityInfo", "CityInfo\CityInfo.csproj", "{B663EDB4-7EB6-4861-8D55-1CA818F7EF4C}"
EndProject
Global
	GlobalSection(SolutionConfigurationPlatforms) = preSolution
		Debug|Any CPU = Debug|Any CPU
		Release|Any CPU = Release|Any CPU
	EndGlobalSection
	GlobalSection(ProjectConfigurationPlatforms) = postSolution
		{B663EDB4-7EB6-4861-8D55-1CA818F7EF4C}.Debug|Any CPU.ActiveCfg = Debug|Any CPU
		{B663EDB4-7EB6-4861-8D55-1CA818F7EF4C}.Debug|Any CPU.Build.0 = Debug|Any CPU
		{B663EDB4-7EB6-4861-8D55-1CA818F7EF4C}.Release|Any CPU.ActiveCfg = Release|Any CPU
		{B663EDB4-7EB6-4861-8D55-1CA818F7EF4C}.Release|Any CPU.Build.0 = Release|Any CPU
	EndGlobalSection
	GlobalSection(SolutionProperties) = preSolution
		HideSolutionNode = FALSE
	EndGlobalSection
	GlobalSection(ExtensibilityGlobals) = postSolution
		SolutionGuid = {688E1E7E-CF51-4A47-8292-730CD6E1CCFE}
	EndGlobalSection
EndGlobal
